{
  "lockfileVersion": 1,
  "workspaces": {
    "": {
      "name": "aias",
      "dependencies": {
        "@anthropic-ai/sdk": "^0.39.0",
        "ai": "^4.2.1",
      },
      "devDependencies": {
        "@biomejs/biome": "1.9.4",
        "@types/bun": "latest",
        "vitest": "^3.0.9",
      },
      "peerDependencies": {
        "typescript": "^5",
      },
    },
  },
  "packages": {
    "@ai-sdk/provider": ["@ai-sdk/provider@1.1.0", "", { "dependencies": { "json-schema": "^0.4.0" } }, "sha512-0M+qjp+clUD0R1E5eWQFhxEvWLNaOtGQRUaBn8CUABnSKredagq92hUS9VjOzGsTm37xLfpaxl97AVtbeOsHew=="],

    "@ai-sdk/provider-utils": ["@ai-sdk/provider-utils@2.2.0", "", { "dependencies": { "@ai-sdk/provider": "1.1.0", "eventsource-parser": "^3.0.0", "nanoid": "^3.3.8", "secure-json-parse": "^2.7.0" }, "peerDependencies": { "zod": "^3.23.8" } }, "sha512-RX5BnDSqudjvZjwwpROcxVQElyX7rUn/xImBgaZLXekSGqq8f7/tefqDcQiRbDZjuCd4CVIfhrK8y/Pta8cPfQ=="],

    "@ai-sdk/react": ["@ai-sdk/react@1.2.0", "", { "dependencies": { "@ai-sdk/provider-utils": "2.2.0", "@ai-sdk/ui-utils": "1.2.0", "swr": "^2.2.5", "throttleit": "2.1.0" }, "peerDependencies": { "react": "^18 || ^19 || ^19.0.0-rc", "zod": "^3.23.8" }, "optionalPeers": ["zod"] }, "sha512-fUTZkAsxOMz8ijjWf87E/GfYkgsH4V5MH2yuj7EXh5ShjWe/oayn2ZJkyoqFMr4Jf8m5kptDaivmbIenDq5OXA=="],

    "@ai-sdk/ui-utils": ["@ai-sdk/ui-utils@1.2.0", "", { "dependencies": { "@ai-sdk/provider": "1.1.0", "@ai-sdk/provider-utils": "2.2.0", "zod-to-json-schema": "^3.24.1" }, "peerDependencies": { "zod": "^3.23.8" } }, "sha512-0IZwCqe7E+GkCASTDPAbzMr+POm9GDzWvFd37FvzpOeKNeibmge/LZEkTDbGSa+3b928H8wPwOLsOXBWPLUPDQ=="],

    "@anthropic-ai/sdk": ["@anthropic-ai/sdk@0.39.0", "", { "dependencies": { "@types/node": "^18.11.18", "@types/node-fetch": "^2.6.4", "abort-controller": "^3.0.0", "agentkeepalive": "^4.2.1", "form-data-encoder": "1.7.2", "formdata-node": "^4.3.2", "node-fetch": "^2.6.7" } }, "sha512-eMyDIPRZbt1CCLErRCi3exlAvNkBtRe+kW5vvJyef93PmNr/clstYgHhtvmkxN82nlKgzyGPCyGxrm0JQ1ZIdg=="],

    "@biomejs/biome": ["@biomejs/biome@1.9.4", "", { "optionalDependencies": { "@biomejs/cli-darwin-arm64": "1.9.4", "@biomejs/cli-darwin-x64": "1.9.4", "@biomejs/cli-linux-arm64": "1.9.4", "@biomejs/cli-linux-arm64-musl": "1.9.4", "@biomejs/cli-linux-x64": "1.9.4", "@biomejs/cli-linux-x64-musl": "1.9.4", "@biomejs/cli-win32-arm64": "1.9.4", "@biomejs/cli-win32-x64": "1.9.4" }, "bin": { "biome": "bin/biome" } }, "sha512-1rkd7G70+o9KkTn5KLmDYXihGoTaIGO9PIIN2ZB7UJxFrWw04CZHPYiMRjYsaDvVV7hP1dYNRLxSANLaBFGpog=="],

    "@biomejs/cli-darwin-arm64": ["@biomejs/cli-darwin-arm64@1.9.4", "", { "os": "darwin", "cpu": "arm64" }, "sha512-bFBsPWrNvkdKrNCYeAp+xo2HecOGPAy9WyNyB/jKnnedgzl4W4Hb9ZMzYNbf8dMCGmUdSavlYHiR01QaYR58cw=="],

    "@biomejs/cli-darwin-x64": ["@biomejs/cli-darwin-x64@1.9.4", "", { "os": "darwin", "cpu": "x64" }, "sha512-ngYBh/+bEedqkSevPVhLP4QfVPCpb+4BBe2p7Xs32dBgs7rh9nY2AIYUL6BgLw1JVXV8GlpKmb/hNiuIxfPfZg=="],

    "@biomejs/cli-linux-arm64": ["@biomejs/cli-linux-arm64@1.9.4", "", { "os": "linux", "cpu": "arm64" }, "sha512-fJIW0+LYujdjUgJJuwesP4EjIBl/N/TcOX3IvIHJQNsAqvV2CHIogsmA94BPG6jZATS4Hi+xv4SkBBQSt1N4/g=="],

    "@biomejs/cli-linux-arm64-musl": ["@biomejs/cli-linux-arm64-musl@1.9.4", "", { "os": "linux", "cpu": "arm64" }, "sha512-v665Ct9WCRjGa8+kTr0CzApU0+XXtRgwmzIf1SeKSGAv+2scAlW6JR5PMFo6FzqqZ64Po79cKODKf3/AAmECqA=="],

    "@biomejs/cli-linux-x64": ["@biomejs/cli-linux-x64@1.9.4", "", { "os": "linux", "cpu": "x64" }, "sha512-lRCJv/Vi3Vlwmbd6K+oQ0KhLHMAysN8lXoCI7XeHlxaajk06u7G+UsFSO01NAs5iYuWKmVZjmiOzJ0OJmGsMwg=="],

    "@biomejs/cli-linux-x64-musl": ["@biomejs/cli-linux-x64-musl@1.9.4", "", { "os": "linux", "cpu": "x64" }, "sha512-gEhi/jSBhZ2m6wjV530Yy8+fNqG8PAinM3oV7CyO+6c3CEh16Eizm21uHVsyVBEB6RIM8JHIl6AGYCv6Q6Q9Tg=="],

    "@biomejs/cli-win32-arm64": ["@biomejs/cli-win32-arm64@1.9.4", "", { "os": "win32", "cpu": "arm64" }, "sha512-tlbhLk+WXZmgwoIKwHIHEBZUwxml7bRJgk0X2sPyNR3S93cdRq6XulAZRQJ17FYGGzWne0fgrXBKpl7l4M87Hg=="],

    "@biomejs/cli-win32-x64": ["@biomejs/cli-win32-x64@1.9.4", "", { "os": "win32", "cpu": "x64" }, "sha512-8Y5wMhVIPaWe6jw2H+KlEm4wP/f7EW3810ZLmDlrEEy5KvBsb9ECEfu/kMWD484ijfQ8+nIi0giMgu9g1UAuuA=="],

    "@esbuild/aix-ppc64": ["@esbuild/aix-ppc64@0.25.1", "", { "os": "aix", "cpu": "ppc64" }, "sha512-kfYGy8IdzTGy+z0vFGvExZtxkFlA4zAxgKEahG9KE1ScBjpQnFsNOX8KTU5ojNru5ed5CVoJYXFtoxaq5nFbjQ=="],

    "@esbuild/android-arm": ["@esbuild/android-arm@0.25.1", "", { "os": "android", "cpu": "arm" }, "sha512-dp+MshLYux6j/JjdqVLnMglQlFu+MuVeNrmT5nk6q07wNhCdSnB7QZj+7G8VMUGh1q+vj2Bq8kRsuyA00I/k+Q=="],

    "@esbuild/android-arm64": ["@esbuild/android-arm64@0.25.1", "", { "os": "android", "cpu": "arm64" }, "sha512-50tM0zCJW5kGqgG7fQ7IHvQOcAn9TKiVRuQ/lN0xR+T2lzEFvAi1ZcS8DiksFcEpf1t/GYOeOfCAgDHFpkiSmA=="],

    "@esbuild/android-x64": ["@esbuild/android-x64@0.25.1", "", { "os": "android", "cpu": "x64" }, "sha512-GCj6WfUtNldqUzYkN/ITtlhwQqGWu9S45vUXs7EIYf+7rCiiqH9bCloatO9VhxsL0Pji+PF4Lz2XXCES+Q8hDw=="],

    "@esbuild/darwin-arm64": ["@esbuild/darwin-arm64@0.25.1", "", { "os": "darwin", "cpu": "arm64" }, "sha512-5hEZKPf+nQjYoSr/elb62U19/l1mZDdqidGfmFutVUjjUZrOazAtwK+Kr+3y0C/oeJfLlxo9fXb1w7L+P7E4FQ=="],

    "@esbuild/darwin-x64": ["@esbuild/darwin-x64@0.25.1", "", { "os": "darwin", "cpu": "x64" }, "sha512-hxVnwL2Dqs3fM1IWq8Iezh0cX7ZGdVhbTfnOy5uURtao5OIVCEyj9xIzemDi7sRvKsuSdtCAhMKarxqtlyVyfA=="],

    "@esbuild/freebsd-arm64": ["@esbuild/freebsd-arm64@0.25.1", "", { "os": "freebsd", "cpu": "arm64" }, "sha512-1MrCZs0fZa2g8E+FUo2ipw6jw5qqQiH+tERoS5fAfKnRx6NXH31tXBKI3VpmLijLH6yriMZsxJtaXUyFt/8Y4A=="],

    "@esbuild/freebsd-x64": ["@esbuild/freebsd-x64@0.25.1", "", { "os": "freebsd", "cpu": "x64" }, "sha512-0IZWLiTyz7nm0xuIs0q1Y3QWJC52R8aSXxe40VUxm6BB1RNmkODtW6LHvWRrGiICulcX7ZvyH6h5fqdLu4gkww=="],

    "@esbuild/linux-arm": ["@esbuild/linux-arm@0.25.1", "", { "os": "linux", "cpu": "arm" }, "sha512-NdKOhS4u7JhDKw9G3cY6sWqFcnLITn6SqivVArbzIaf3cemShqfLGHYMx8Xlm/lBit3/5d7kXvriTUGa5YViuQ=="],

    "@esbuild/linux-arm64": ["@esbuild/linux-arm64@0.25.1", "", { "os": "linux", "cpu": "arm64" }, "sha512-jaN3dHi0/DDPelk0nLcXRm1q7DNJpjXy7yWaWvbfkPvI+7XNSc/lDOnCLN7gzsyzgu6qSAmgSvP9oXAhP973uQ=="],

    "@esbuild/linux-ia32": ["@esbuild/linux-ia32@0.25.1", "", { "os": "linux", "cpu": "ia32" }, "sha512-OJykPaF4v8JidKNGz8c/q1lBO44sQNUQtq1KktJXdBLn1hPod5rE/Hko5ugKKZd+D2+o1a9MFGUEIUwO2YfgkQ=="],

    "@esbuild/linux-loong64": ["@esbuild/linux-loong64@0.25.1", "", { "os": "linux", "cpu": "none" }, "sha512-nGfornQj4dzcq5Vp835oM/o21UMlXzn79KobKlcs3Wz9smwiifknLy4xDCLUU0BWp7b/houtdrgUz7nOGnfIYg=="],

    "@esbuild/linux-mips64el": ["@esbuild/linux-mips64el@0.25.1", "", { "os": "linux", "cpu": "none" }, "sha512-1osBbPEFYwIE5IVB/0g2X6i1qInZa1aIoj1TdL4AaAb55xIIgbg8Doq6a5BzYWgr+tEcDzYH67XVnTmUzL+nXg=="],

    "@esbuild/linux-ppc64": ["@esbuild/linux-ppc64@0.25.1", "", { "os": "linux", "cpu": "ppc64" }, "sha512-/6VBJOwUf3TdTvJZ82qF3tbLuWsscd7/1w+D9LH0W/SqUgM5/JJD0lrJ1fVIfZsqB6RFmLCe0Xz3fmZc3WtyVg=="],

    "@esbuild/linux-riscv64": ["@esbuild/linux-riscv64@0.25.1", "", { "os": "linux", "cpu": "none" }, "sha512-nSut/Mx5gnilhcq2yIMLMe3Wl4FK5wx/o0QuuCLMtmJn+WeWYoEGDN1ipcN72g1WHsnIbxGXd4i/MF0gTcuAjQ=="],

    "@esbuild/linux-s390x": ["@esbuild/linux-s390x@0.25.1", "", { "os": "linux", "cpu": "s390x" }, "sha512-cEECeLlJNfT8kZHqLarDBQso9a27o2Zd2AQ8USAEoGtejOrCYHNtKP8XQhMDJMtthdF4GBmjR2au3x1udADQQQ=="],

    "@esbuild/linux-x64": ["@esbuild/linux-x64@0.25.1", "", { "os": "linux", "cpu": "x64" }, "sha512-xbfUhu/gnvSEg+EGovRc+kjBAkrvtk38RlerAzQxvMzlB4fXpCFCeUAYzJvrnhFtdeyVCDANSjJvOvGYoeKzFA=="],

    "@esbuild/netbsd-arm64": ["@esbuild/netbsd-arm64@0.25.1", "", { "os": "none", "cpu": "arm64" }, "sha512-O96poM2XGhLtpTh+s4+nP7YCCAfb4tJNRVZHfIE7dgmax+yMP2WgMd2OecBuaATHKTHsLWHQeuaxMRnCsH8+5g=="],

    "@esbuild/netbsd-x64": ["@esbuild/netbsd-x64@0.25.1", "", { "os": "none", "cpu": "x64" }, "sha512-X53z6uXip6KFXBQ+Krbx25XHV/NCbzryM6ehOAeAil7X7oa4XIq+394PWGnwaSQ2WRA0KI6PUO6hTO5zeF5ijA=="],

    "@esbuild/openbsd-arm64": ["@esbuild/openbsd-arm64@0.25.1", "", { "os": "openbsd", "cpu": "arm64" }, "sha512-Na9T3szbXezdzM/Kfs3GcRQNjHzM6GzFBeU1/6IV/npKP5ORtp9zbQjvkDJ47s6BCgaAZnnnu/cY1x342+MvZg=="],

    "@esbuild/openbsd-x64": ["@esbuild/openbsd-x64@0.25.1", "", { "os": "openbsd", "cpu": "x64" }, "sha512-T3H78X2h1tszfRSf+txbt5aOp/e7TAz3ptVKu9Oyir3IAOFPGV6O9c2naym5TOriy1l0nNf6a4X5UXRZSGX/dw=="],

    "@esbuild/sunos-x64": ["@esbuild/sunos-x64@0.25.1", "", { "os": "sunos", "cpu": "x64" }, "sha512-2H3RUvcmULO7dIE5EWJH8eubZAI4xw54H1ilJnRNZdeo8dTADEZ21w6J22XBkXqGJbe0+wnNJtw3UXRoLJnFEg=="],

    "@esbuild/win32-arm64": ["@esbuild/win32-arm64@0.25.1", "", { "os": "win32", "cpu": "arm64" }, "sha512-GE7XvrdOzrb+yVKB9KsRMq+7a2U/K5Cf/8grVFRAGJmfADr/e/ODQ134RK2/eeHqYV5eQRFxb1hY7Nr15fv1NQ=="],

    "@esbuild/win32-ia32": ["@esbuild/win32-ia32@0.25.1", "", { "os": "win32", "cpu": "ia32" }, "sha512-uOxSJCIcavSiT6UnBhBzE8wy3n0hOkJsBOzy7HDAuTDE++1DJMRRVCPGisULScHL+a/ZwdXPpXD3IyFKjA7K8A=="],

    "@esbuild/win32-x64": ["@esbuild/win32-x64@0.25.1", "", { "os": "win32", "cpu": "x64" }, "sha512-Y1EQdcfwMSeQN/ujR5VayLOJ1BHaK+ssyk0AEzPjC+t1lITgsnccPqFjb6V+LsTp/9Iov4ysfjxLaGJ9RPtkVg=="],

    "@jridgewell/sourcemap-codec": ["@jridgewell/sourcemap-codec@1.5.0", "", {}, "sha512-gv3ZRaISU3fjPAgNsriBRqGWQL6quFx04YMPW/zD8XMLsU32mhCCbfbO6KZFLjvYpCZ8zyDEgqsgf+PwPaM7GQ=="],

    "@opentelemetry/api": ["@opentelemetry/api@1.9.0", "", {}, "sha512-3giAOQvZiH5F9bMlMiv8+GSPMeqg0dbaeo58/0SlA9sxSqZhnUtxzX9/2FzyhS9sWQf5S0GJE0AKBrFqjpeYcg=="],

    "@rollup/rollup-android-arm-eabi": ["@rollup/rollup-android-arm-eabi@4.37.0", "", { "os": "android", "cpu": "arm" }, "sha512-l7StVw6WAa8l3vA1ov80jyetOAEo1FtHvZDbzXDO/02Sq/QVvqlHkYoFwDJPIMj0GKiistsBudfx5tGFnwYWDQ=="],

    "@rollup/rollup-android-arm64": ["@rollup/rollup-android-arm64@4.37.0", "", { "os": "android", "cpu": "arm64" }, "sha512-6U3SlVyMxezt8Y+/iEBcbp945uZjJwjZimu76xoG7tO1av9VO691z8PkhzQ85ith2I8R2RddEPeSfcbyPfD4hA=="],

    "@rollup/rollup-darwin-arm64": ["@rollup/rollup-darwin-arm64@4.37.0", "", { "os": "darwin", "cpu": "arm64" }, "sha512-+iTQ5YHuGmPt10NTzEyMPbayiNTcOZDWsbxZYR1ZnmLnZxG17ivrPSWFO9j6GalY0+gV3Jtwrrs12DBscxnlYA=="],

    "@rollup/rollup-darwin-x64": ["@rollup/rollup-darwin-x64@4.37.0", "", { "os": "darwin", "cpu": "x64" }, "sha512-m8W2UbxLDcmRKVjgl5J/k4B8d7qX2EcJve3Sut7YGrQoPtCIQGPH5AMzuFvYRWZi0FVS0zEY4c8uttPfX6bwYQ=="],

    "@rollup/rollup-freebsd-arm64": ["@rollup/rollup-freebsd-arm64@4.37.0", "", { "os": "freebsd", "cpu": "arm64" }, "sha512-FOMXGmH15OmtQWEt174v9P1JqqhlgYge/bUjIbiVD1nI1NeJ30HYT9SJlZMqdo1uQFyt9cz748F1BHghWaDnVA=="],

    "@rollup/rollup-freebsd-x64": ["@rollup/rollup-freebsd-x64@4.37.0", "", { "os": "freebsd", "cpu": "x64" }, "sha512-SZMxNttjPKvV14Hjck5t70xS3l63sbVwl98g3FlVVx2YIDmfUIy29jQrsw06ewEYQ8lQSuY9mpAPlmgRD2iSsA=="],

    "@rollup/rollup-linux-arm-gnueabihf": ["@rollup/rollup-linux-arm-gnueabihf@4.37.0", "", { "os": "linux", "cpu": "arm" }, "sha512-hhAALKJPidCwZcj+g+iN+38SIOkhK2a9bqtJR+EtyxrKKSt1ynCBeqrQy31z0oWU6thRZzdx53hVgEbRkuI19w=="],

    "@rollup/rollup-linux-arm-musleabihf": ["@rollup/rollup-linux-arm-musleabihf@4.37.0", "", { "os": "linux", "cpu": "arm" }, "sha512-jUb/kmn/Gd8epbHKEqkRAxq5c2EwRt0DqhSGWjPFxLeFvldFdHQs/n8lQ9x85oAeVb6bHcS8irhTJX2FCOd8Ag=="],

    "@rollup/rollup-linux-arm64-gnu": ["@rollup/rollup-linux-arm64-gnu@4.37.0", "", { "os": "linux", "cpu": "arm64" }, "sha512-oNrJxcQT9IcbcmKlkF+Yz2tmOxZgG9D9GRq+1OE6XCQwCVwxixYAa38Z8qqPzQvzt1FCfmrHX03E0pWoXm1DqA=="],

    "@rollup/rollup-linux-arm64-musl": ["@rollup/rollup-linux-arm64-musl@4.37.0", "", { "os": "linux", "cpu": "arm64" }, "sha512-pfxLBMls+28Ey2enpX3JvjEjaJMBX5XlPCZNGxj4kdJyHduPBXtxYeb8alo0a7bqOoWZW2uKynhHxF/MWoHaGQ=="],

    "@rollup/rollup-linux-loongarch64-gnu": ["@rollup/rollup-linux-loongarch64-gnu@4.37.0", "", { "os": "linux", "cpu": "none" }, "sha512-yCE0NnutTC/7IGUq/PUHmoeZbIwq3KRh02e9SfFh7Vmc1Z7atuJRYWhRME5fKgT8aS20mwi1RyChA23qSyRGpA=="],

    "@rollup/rollup-linux-powerpc64le-gnu": ["@rollup/rollup-linux-powerpc64le-gnu@4.37.0", "", { "os": "linux", "cpu": "ppc64" }, "sha512-NxcICptHk06E2Lh3a4Pu+2PEdZ6ahNHuK7o6Np9zcWkrBMuv21j10SQDJW3C9Yf/A/P7cutWoC/DptNLVsZ0VQ=="],

    "@rollup/rollup-linux-riscv64-gnu": ["@rollup/rollup-linux-riscv64-gnu@4.37.0", "", { "os": "linux", "cpu": "none" }, "sha512-PpWwHMPCVpFZLTfLq7EWJWvrmEuLdGn1GMYcm5MV7PaRgwCEYJAwiN94uBuZev0/J/hFIIJCsYw4nLmXA9J7Pw=="],

    "@rollup/rollup-linux-riscv64-musl": ["@rollup/rollup-linux-riscv64-musl@4.37.0", "", { "os": "linux", "cpu": "none" }, "sha512-DTNwl6a3CfhGTAOYZ4KtYbdS8b+275LSLqJVJIrPa5/JuIufWWZ/QFvkxp52gpmguN95eujrM68ZG+zVxa8zHA=="],

    "@rollup/rollup-linux-s390x-gnu": ["@rollup/rollup-linux-s390x-gnu@4.37.0", "", { "os": "linux", "cpu": "s390x" }, "sha512-hZDDU5fgWvDdHFuExN1gBOhCuzo/8TMpidfOR+1cPZJflcEzXdCy1LjnklQdW8/Et9sryOPJAKAQRw8Jq7Tg+A=="],

    "@rollup/rollup-linux-x64-gnu": ["@rollup/rollup-linux-x64-gnu@4.37.0", "", { "os": "linux", "cpu": "x64" }, "sha512-pKivGpgJM5g8dwj0ywBwe/HeVAUSuVVJhUTa/URXjxvoyTT/AxsLTAbkHkDHG7qQxLoW2s3apEIl26uUe08LVQ=="],

    "@rollup/rollup-linux-x64-musl": ["@rollup/rollup-linux-x64-musl@4.37.0", "", { "os": "linux", "cpu": "x64" }, "sha512-E2lPrLKE8sQbY/2bEkVTGDEk4/49UYRVWgj90MY8yPjpnGBQ+Xi1Qnr7b7UIWw1NOggdFQFOLZ8+5CzCiz143w=="],

    "@rollup/rollup-win32-arm64-msvc": ["@rollup/rollup-win32-arm64-msvc@4.37.0", "", { "os": "win32", "cpu": "arm64" }, "sha512-Jm7biMazjNzTU4PrQtr7VS8ibeys9Pn29/1bm4ph7CP2kf21950LgN+BaE2mJ1QujnvOc6p54eWWiVvn05SOBg=="],

    "@rollup/rollup-win32-ia32-msvc": ["@rollup/rollup-win32-ia32-msvc@4.37.0", "", { "os": "win32", "cpu": "ia32" }, "sha512-e3/1SFm1OjefWICB2Ucstg2dxYDkDTZGDYgwufcbsxTHyqQps1UQf33dFEChBNmeSsTOyrjw2JJq0zbG5GF6RA=="],

    "@rollup/rollup-win32-x64-msvc": ["@rollup/rollup-win32-x64-msvc@4.37.0", "", { "os": "win32", "cpu": "x64" }, "sha512-LWbXUBwn/bcLx2sSsqy7pK5o+Nr+VCoRoAohfJ5C/aBio9nfJmGQqHAhU6pwxV/RmyTk5AqdySma7uwWGlmeuA=="],

    "@types/bun": ["@types/bun@1.2.5", "", { "dependencies": { "bun-types": "1.2.5" } }, "sha512-w2OZTzrZTVtbnJew1pdFmgV99H0/L+Pvw+z1P67HaR18MHOzYnTYOi6qzErhK8HyT+DB782ADVPPE92Xu2/Opg=="],

    "@types/diff-match-patch": ["@types/diff-match-patch@1.0.36", "", {}, "sha512-xFdR6tkm0MWvBfO8xXCSsinYxHcqkQUlcHeSpMC2ukzOb6lwQAfDmW+Qt0AvlGd8HpsS28qKsB+oPeJn9I39jg=="],

    "@types/estree": ["@types/estree@1.0.7", "", {}, "sha512-w28IoSUCJpidD/TGviZwwMJckNESJZXFu7NBZ5YJ4mEUnNraUn9Pm8HSZm/jDF1pDWYKspWE7oVphigUPRakIQ=="],

    "@types/node": ["@types/node@18.19.83", "", { "dependencies": { "undici-types": "~5.26.4" } }, "sha512-D69JeR5SfFS5H6FLbUaS0vE4r1dGhmMBbG4Ed6BNS4wkDK8GZjsdCShT5LCN59vOHEUHnFCY9J4aclXlIphMkA=="],

    "@types/node-fetch": ["@types/node-fetch@2.6.12", "", { "dependencies": { "@types/node": "*", "form-data": "^4.0.0" } }, "sha512-8nneRWKCg3rMtF69nLQJnOYUcbafYeFSjqkw3jCRLsqkWFlHaoQrr5mXmofFGOx3DKn7UfmBMyov8ySvLRVldA=="],

    "@types/ws": ["@types/ws@8.5.14", "", { "dependencies": { "@types/node": "*" } }, "sha512-bd/YFLW+URhBzMXurx7lWByOu+xzU9+kb3RboOteXYDfW+tr+JZa99OyNmPINEGB/ahzKrEuc8rcv4gnpJmxTw=="],

    "@vitest/expect": ["@vitest/expect@3.0.9", "", { "dependencies": { "@vitest/spy": "3.0.9", "@vitest/utils": "3.0.9", "chai": "^5.2.0", "tinyrainbow": "^2.0.0" } }, "sha512-5eCqRItYgIML7NNVgJj6TVCmdzE7ZVgJhruW0ziSQV4V7PvLkDL1bBkBdcTs/VuIz0IxPb5da1IDSqc1TR9eig=="],

    "@vitest/mocker": ["@vitest/mocker@3.0.9", "", { "dependencies": { "@vitest/spy": "3.0.9", "estree-walker": "^3.0.3", "magic-string": "^0.30.17" }, "peerDependencies": { "msw": "^2.4.9", "vite": "^5.0.0 || ^6.0.0" }, "optionalPeers": ["msw", "vite"] }, "sha512-ryERPIBOnvevAkTq+L1lD+DTFBRcjueL9lOUfXsLfwP92h4e+Heb+PjiqS3/OURWPtywfafK0kj++yDFjWUmrA=="],

    "@vitest/pretty-format": ["@vitest/pretty-format@3.0.9", "", { "dependencies": { "tinyrainbow": "^2.0.0" } }, "sha512-OW9F8t2J3AwFEwENg3yMyKWweF7oRJlMyHOMIhO5F3n0+cgQAJZBjNgrF8dLwFTEXl5jUqBLXd9QyyKv8zEcmA=="],

    "@vitest/runner": ["@vitest/runner@3.0.9", "", { "dependencies": { "@vitest/utils": "3.0.9", "pathe": "^2.0.3" } }, "sha512-NX9oUXgF9HPfJSwl8tUZCMP1oGx2+Sf+ru6d05QjzQz4OwWg0psEzwY6VexP2tTHWdOkhKHUIZH+fS6nA7jfOw=="],

    "@vitest/snapshot": ["@vitest/snapshot@3.0.9", "", { "dependencies": { "@vitest/pretty-format": "3.0.9", "magic-string": "^0.30.17", "pathe": "^2.0.3" } }, "sha512-AiLUiuZ0FuA+/8i19mTYd+re5jqjEc2jZbgJ2up0VY0Ddyyxg/uUtBDpIFAy4uzKaQxOW8gMgBdAJJ2ydhu39A=="],

    "@vitest/spy": ["@vitest/spy@3.0.9", "", { "dependencies": { "tinyspy": "^3.0.2" } }, "sha512-/CcK2UDl0aQ2wtkp3YVWldrpLRNCfVcIOFGlVGKO4R5eajsH393Z1yiXLVQ7vWsj26JOEjeZI0x5sm5P4OGUNQ=="],

    "@vitest/utils": ["@vitest/utils@3.0.9", "", { "dependencies": { "@vitest/pretty-format": "3.0.9", "loupe": "^3.1.3", "tinyrainbow": "^2.0.0" } }, "sha512-ilHM5fHhZ89MCp5aAaM9uhfl1c2JdxVxl3McqsdVyVNN6JffnEen8UMCdRTzOhGXNQGo5GNL9QugHrz727Wnng=="],

    "abort-controller": ["abort-controller@3.0.0", "", { "dependencies": { "event-target-shim": "^5.0.0" } }, "sha512-h8lQ8tacZYnR3vNQTgibj+tODHI5/+l06Au2Pcriv/Gmet0eaj4TwWH41sO9wnHDiQsEj19q0drzdWdeAHtweg=="],

    "agentkeepalive": ["agentkeepalive@4.6.0", "", { "dependencies": { "humanize-ms": "^1.2.1" } }, "sha512-kja8j7PjmncONqaTsB8fQ+wE2mSU2DJ9D4XKoJ5PFWIdRMa6SLSN1ff4mOr4jCbfRSsxR4keIiySJU0N9T5hIQ=="],

    "ai": ["ai@4.2.1", "", { "dependencies": { "@ai-sdk/provider": "1.1.0", "@ai-sdk/provider-utils": "2.2.0", "@ai-sdk/react": "1.2.0", "@ai-sdk/ui-utils": "1.2.0", "@opentelemetry/api": "1.9.0", "eventsource-parser": "^3.0.0", "jsondiffpatch": "0.6.0" }, "peerDependencies": { "react": "^18 || ^19 || ^19.0.0-rc", "zod": "^3.23.8" }, "optionalPeers": ["react"] }, "sha512-i+/inzhpukqOfx2PvL4+gyXCgF3SahHSHzGRHAyGABORKn1790L8eGNtaSTMn//7ViZnxTMwZFV1pPeUZT4JgQ=="],

    "assertion-error": ["assertion-error@2.0.1", "", {}, "sha512-Izi8RQcffqCeNVgFigKli1ssklIbpHnCYc6AknXGYoB6grJqyeby7jv12JUQgmTAnIDnbck1uxksT4dzN3PWBA=="],

    "asynckit": ["asynckit@0.4.0", "", {}, "sha512-Oei9OH4tRh0YqU3GxhX79dM/mwVgvbZJaSNaRk+bshkj0S5cfHcgYakreBjrHwatXKbz+IoIdYLxrKim2MjW0Q=="],

    "bun-types": ["bun-types@1.2.5", "", { "dependencies": { "@types/node": "*", "@types/ws": "~8.5.10" } }, "sha512-3oO6LVGGRRKI4kHINx5PIdIgnLRb7l/SprhzqXapmoYkFl5m4j6EvALvbDVuuBFaamB46Ap6HCUxIXNLCGy+tg=="],

    "cac": ["cac@6.7.14", "", {}, "sha512-b6Ilus+c3RrdDk+JhLKUAQfzzgLEPy6wcXqS7f/xe1EETvsDP6GORG7SFuOs6cID5YkqchW/LXZbX5bc8j7ZcQ=="],

    "call-bind-apply-helpers": ["call-bind-apply-helpers@1.0.2", "", { "dependencies": { "es-errors": "^1.3.0", "function-bind": "^1.1.2" } }, "sha512-Sp1ablJ0ivDkSzjcaJdxEunN5/XvksFJ2sMBFfq6x0ryhQV/2b/KwFe21cMpmHtPOSij8K99/wSfoEuTObmuMQ=="],

    "chai": ["chai@5.2.0", "", { "dependencies": { "assertion-error": "^2.0.1", "check-error": "^2.1.1", "deep-eql": "^5.0.1", "loupe": "^3.1.0", "pathval": "^2.0.0" } }, "sha512-mCuXncKXk5iCLhfhwTc0izo0gtEmpz5CtG2y8GiOINBlMVS6v8TMRc5TaLWKS6692m9+dVVfzgeVxR5UxWHTYw=="],

    "chalk": ["chalk@5.4.1", "", {}, "sha512-zgVZuo2WcZgfUEmsn6eO3kINexW8RAE4maiQ8QNs8CtpPCSyMiYsULR3HQYkm3w8FIA3SberyMJMSldGsW+U3w=="],

    "check-error": ["check-error@2.1.1", "", {}, "sha512-OAlb+T7V4Op9OwdkjmguYRqncdlx5JiofwOAUkmTF+jNdHwzTaTs4sRAGpzLF3oOz5xAyDGrPgeIDFQmDOTiJw=="],

    "combined-stream": ["combined-stream@1.0.8", "", { "dependencies": { "delayed-stream": "~1.0.0" } }, "sha512-FQN4MRfuJeHf7cBbBMJFXhKSDq+2kAArBlmRBvcvFE5BB1HZKXtSFASDhdlz9zOYwxh8lDdnvmMOe/+5cdoEdg=="],

    "debug": ["debug@4.4.0", "", { "dependencies": { "ms": "^2.1.3" } }, "sha512-6WTZ/IxCY/T6BALoZHaE4ctp9xm+Z5kY/pzYaCHRFeyVhojxlrm+46y68HA6hr0TcwEssoxNiDEUJQjfPZ/RYA=="],

    "deep-eql": ["deep-eql@5.0.2", "", {}, "sha512-h5k/5U50IJJFpzfL6nO9jaaumfjO/f2NjK/oYB2Djzm4p9L+3T9qWpZqZ2hAbLPuuYq9wrU08WQyBTL5GbPk5Q=="],

    "delayed-stream": ["delayed-stream@1.0.0", "", {}, "sha512-ZySD7Nf91aLB0RxL4KGrKHBXl7Eds1DAmEdcoVawXnLD7SDhpNgtuII2aAkg7a7QS41jxPSZ17p4VdGnMHk3MQ=="],

    "dequal": ["dequal@2.0.3", "", {}, "sha512-0je+qPKHEMohvfRTCEo3CrPG6cAzAYgmzKyxRiYSSDkS6eGJdyVJm7WaYA5ECaAD9wLB2T4EEeymA5aFVcYXCA=="],

    "diff-match-patch": ["diff-match-patch@1.0.5", "", {}, "sha512-IayShXAgj/QMXgB0IWmKx+rOPuGMhqm5w6jvFxmVenXKIzRqTAAsbBPT3kWQeGANj3jGgvcvv4yK6SxqYmikgw=="],

    "dunder-proto": ["dunder-proto@1.0.1", "", { "dependencies": { "call-bind-apply-helpers": "^1.0.1", "es-errors": "^1.3.0", "gopd": "^1.2.0" } }, "sha512-KIN/nDJBQRcXw0MLVhZE9iQHmG68qAVIBg9CqmUYjmQIhgij9U5MFvrqkUL5FbtyyzZuOeOt0zdeRe4UY7ct+A=="],

    "es-define-property": ["es-define-property@1.0.1", "", {}, "sha512-e3nRfgfUZ4rNGL232gUgX06QNyyez04KdjFrF+LTRoOXmrOgFKDg4BCdsjW8EnT69eqdYGmRpJwiPVYNrCaW3g=="],

    "es-errors": ["es-errors@1.3.0", "", {}, "sha512-Zf5H2Kxt2xjTvbJvP2ZWLEICxA6j+hAmMzIlypy4xcBg1vKVnx89Wy0GbS+kf5cwCVFFzdCFh2XSCFNULS6csw=="],

    "es-module-lexer": ["es-module-lexer@1.6.0", "", {}, "sha512-qqnD1yMU6tk/jnaMosogGySTZP8YtUgAffA9nMN+E/rjxcfRQ6IEk7IiozUjgxKoFHBGjTLnrHB/YC45r/59EQ=="],

    "es-object-atoms": ["es-object-atoms@1.1.1", "", { "dependencies": { "es-errors": "^1.3.0" } }, "sha512-FGgH2h8zKNim9ljj7dankFPcICIK9Cp5bm+c2gQSYePhpaG5+esrLODihIorn+Pe6FGJzWhXQotPv73jTaldXA=="],

    "es-set-tostringtag": ["es-set-tostringtag@2.1.0", "", { "dependencies": { "es-errors": "^1.3.0", "get-intrinsic": "^1.2.6", "has-tostringtag": "^1.0.2", "hasown": "^2.0.2" } }, "sha512-j6vWzfrGVfyXxge+O0x5sh6cvxAog0a/4Rdd2K36zCMV5eJ+/+tOAngRO8cODMNWbVRdVlmGZQL2YS3yR8bIUA=="],

    "esbuild": ["esbuild@0.25.1", "", { "optionalDependencies": { "@esbuild/aix-ppc64": "0.25.1", "@esbuild/android-arm": "0.25.1", "@esbuild/android-arm64": "0.25.1", "@esbuild/android-x64": "0.25.1", "@esbuild/darwin-arm64": "0.25.1", "@esbuild/darwin-x64": "0.25.1", "@esbuild/freebsd-arm64": "0.25.1", "@esbuild/freebsd-x64": "0.25.1", "@esbuild/linux-arm": "0.25.1", "@esbuild/linux-arm64": "0.25.1", "@esbuild/linux-ia32": "0.25.1", "@esbuild/linux-loong64": "0.25.1", "@esbuild/linux-mips64el": "0.25.1", "@esbuild/linux-ppc64": "0.25.1", "@esbuild/linux-riscv64": "0.25.1", "@esbuild/linux-s390x": "0.25.1", "@esbuild/linux-x64": "0.25.1", "@esbuild/netbsd-arm64": "0.25.1", "@esbuild/netbsd-x64": "0.25.1", "@esbuild/openbsd-arm64": "0.25.1", "@esbuild/openbsd-x64": "0.25.1", "@esbuild/sunos-x64": "0.25.1", "@esbuild/win32-arm64": "0.25.1", "@esbuild/win32-ia32": "0.25.1", "@esbuild/win32-x64": "0.25.1" }, "bin": { "esbuild": "bin/esbuild" } }, "sha512-BGO5LtrGC7vxnqucAe/rmvKdJllfGaYWdyABvyMoXQlfYMb2bbRuReWR5tEGE//4LcNJj9XrkovTqNYRFZHAMQ=="],

    "estree-walker": ["estree-walker@3.0.3", "", { "dependencies": { "@types/estree": "^1.0.0" } }, "sha512-7RUKfXgSMMkzt6ZuXmqapOurLGPPfgj6l9uRZ7lRGolvk0y2yocc35LdcxKC5PQZdn2DMqioAQ2NoWcrTKmm6g=="],

    "event-target-shim": ["event-target-shim@5.0.1", "", {}, "sha512-i/2XbnSz/uxRCU6+NdVJgKWDTM427+MqYbkQzD321DuCQJUqOuJKIA0IM2+W2xtYHdKOmZ4dR6fExsd4SXL+WQ=="],

    "eventsource-parser": ["eventsource-parser@3.0.0", "", {}, "sha512-T1C0XCUimhxVQzW4zFipdx0SficT651NnkR0ZSH3yQwh+mFMdLfgjABVi4YtMTtaL4s168593DaoaRLMqryavA=="],

    "expect-type": ["expect-type@1.2.0", "", {}, "sha512-80F22aiJ3GLyVnS/B3HzgR6RelZVumzj9jkL0Rhz4h0xYbNW9PjlQz5h3J/SShErbXBc295vseR4/MIbVmUbeA=="],

    "form-data": ["form-data@4.0.2", "", { "dependencies": { "asynckit": "^0.4.0", "combined-stream": "^1.0.8", "es-set-tostringtag": "^2.1.0", "mime-types": "^2.1.12" } }, "sha512-hGfm/slu0ZabnNt4oaRZ6uREyfCj6P4fT/n6A1rGV+Z0VdGXjfOhVUpkn6qVQONHGIFwmveGXyDs75+nr6FM8w=="],

    "form-data-encoder": ["form-data-encoder@1.7.2", "", {}, "sha512-qfqtYan3rxrnCk1VYaA4H+Ms9xdpPqvLZa6xmMgFvhO32x7/3J/ExcTd6qpxM0vH2GdMI+poehyBZvqfMTto8A=="],

    "formdata-node": ["formdata-node@4.4.1", "", { "dependencies": { "node-domexception": "1.0.0", "web-streams-polyfill": "4.0.0-beta.3" } }, "sha512-0iirZp3uVDjVGt9p49aTaqjk84TrglENEDuqfdlZQ1roC9CWlPk6Avf8EEnZNcAqPonwkG35x4n3ww/1THYAeQ=="],

    "fsevents": ["fsevents@2.3.3", "", { "os": "darwin" }, "sha512-5xoDfX+fL7faATnagmWPpbFtwh/R77WmMMqqHGS65C3vvB0YHrgF+B1YmZ3441tMj5n63k0212XNoJwzlhffQw=="],

    "function-bind": ["function-bind@1.1.2", "", {}, "sha512-7XHNxH7qX9xG5mIwxkhumTox/MIRNcOgDrxWsMt2pAr23WHp6MrRlN7FBSFpCpr+oVO0F744iUgR82nJMfG2SA=="],

    "get-intrinsic": ["get-intrinsic@1.3.0", "", { "dependencies": { "call-bind-apply-helpers": "^1.0.2", "es-define-property": "^1.0.1", "es-errors": "^1.3.0", "es-object-atoms": "^1.1.1", "function-bind": "^1.1.2", "get-proto": "^1.0.1", "gopd": "^1.2.0", "has-symbols": "^1.1.0", "hasown": "^2.0.2", "math-intrinsics": "^1.1.0" } }, "sha512-9fSjSaos/fRIVIp+xSJlE6lfwhES7LNtKaCBIamHsjr2na1BiABJPo0mOjjz8GJDURarmCPGqaiVg5mfjb98CQ=="],

    "get-proto": ["get-proto@1.0.1", "", { "dependencies": { "dunder-proto": "^1.0.1", "es-object-atoms": "^1.0.0" } }, "sha512-sTSfBjoXBp89JvIKIefqw7U2CCebsc74kiY6awiGogKtoSGbgjYE/G/+l9sF3MWFPNc9IcoOC4ODfKHfxFmp0g=="],

    "gopd": ["gopd@1.2.0", "", {}, "sha512-ZUKRh6/kUFoAiTAtTYPZJ3hw9wNxx+BIBOijnlG9PnrJsCcSjs1wyyD6vJpaYtgnzDrKYRSqf3OO6Rfa93xsRg=="],

    "has-symbols": ["has-symbols@1.1.0", "", {}, "sha512-1cDNdwJ2Jaohmb3sg4OmKaMBwuC48sYni5HUw2DvsC8LjGTLK9h+eb1X6RyuOHe4hT0ULCW68iomhjUoKUqlPQ=="],

    "has-tostringtag": ["has-tostringtag@1.0.2", "", { "dependencies": { "has-symbols": "^1.0.3" } }, "sha512-NqADB8VjPFLM2V0VvHUewwwsw0ZWBaIdgo+ieHtK3hasLz4qeCRjYcqfB6AQrBggRKppKF8L52/VqdVsO47Dlw=="],

    "hasown": ["hasown@2.0.2", "", { "dependencies": { "function-bind": "^1.1.2" } }, "sha512-0hJU9SCPvmMzIBdZFqNPXWa6dqh7WdH0cII9y+CyS8rG3nL48Bclra9HmKhVVUHyPWNH5Y7xDwAB7bfgSjkUMQ=="],

    "humanize-ms": ["humanize-ms@1.2.1", "", { "dependencies": { "ms": "^2.0.0" } }, "sha512-Fl70vYtsAFb/C06PTS9dZBo7ihau+Tu/DNCk/OyHhea07S+aeMWpFFkUaXRa8fI+ScZbEI8dfSxwY7gxZ9SAVQ=="],

    "json-schema": ["json-schema@0.4.0", "", {}, "sha512-es94M3nTIfsEPisRafak+HDLfHXnKBhV3vU5eqPcS3flIWqcxJWgXHXiey3YrpaNsanY5ei1VoYEbOzijuq9BA=="],

    "jsondiffpatch": ["jsondiffpatch@0.6.0", "", { "dependencies": { "@types/diff-match-patch": "^1.0.36", "chalk": "^5.3.0", "diff-match-patch": "^1.0.5" }, "bin": { "jsondiffpatch": "bin/jsondiffpatch.js" } }, "sha512-3QItJOXp2AP1uv7waBkao5nCvhEv+QmJAd38Ybq7wNI74Q+BBmnLn4EDKz6yI9xGAIQoUF87qHt+kc1IVxB4zQ=="],

    "loupe": ["loupe@3.1.3", "", {}, "sha512-kkIp7XSkP78ZxJEsSxW3712C6teJVoeHHwgo9zJ380de7IYyJ2ISlxojcH2pC5OFLewESmnRi/+XCDIEEVyoug=="],

    "magic-string": ["magic-string@0.30.17", "", { "dependencies": { "@jridgewell/sourcemap-codec": "^1.5.0" } }, "sha512-sNPKHvyjVf7gyjwS4xGTaW/mCnF8wnjtifKBEhxfZ7E/S8tQ0rssrwGNn6q8JH/ohItJfSQp9mBtQYuTlH5QnA=="],

    "math-intrinsics": ["math-intrinsics@1.1.0", "", {}, "sha512-/IXtbwEk5HTPyEwyKX6hGkYXxM9nbj64B+ilVJnC/R6B0pH5G4V3b0pVbL7DBj4tkhBAppbQUlf6F6Xl9LHu1g=="],

    "mime-db": ["mime-db@1.52.0", "", {}, "sha512-sPU4uV7dYlvtWJxwwxHD0PuihVNiE7TyAbQ5SWxDCB9mUYvOgroQOwYQQOKPJ8CIbE+1ETVlOoK1UC2nU3gYvg=="],

    "mime-types": ["mime-types@2.1.35", "", { "dependencies": { "mime-db": "1.52.0" } }, "sha512-ZDY+bPm5zTTF+YpCrAU9nK0UgICYPT0QtT1NZWFv4s++TNkcgVaT0g6+4R2uI4MjQjzysHB1zxuWL50hzaeXiw=="],

    "ms": ["ms@2.1.3", "", {}, "sha512-6FlzubTLZG3J2a/NVCAleEhjzq5oxgHyaCU9yYXvcLsvoVaHJq/s5xXI6/XXP6tz7R9xAOtHnSO/tXtF3WRTlA=="],

    "nanoid": ["nanoid@3.3.11", "", { "bin": { "nanoid": "bin/nanoid.cjs" } }, "sha512-N8SpfPUnUp1bK+PMYW8qSWdl9U+wwNWI4QKxOYDy9JAro3WMX7p2OeVRF9v+347pnakNevPmiHhNmZ2HbFA76w=="],

    "node-domexception": ["node-domexception@1.0.0", "", {}, "sha512-/jKZoMpw0F8GRwl4/eLROPA3cfcXtLApP0QzLmUT/HuPCZWyB7IY9ZrMeKw2O/nFIqPQB3PVM9aYm0F312AXDQ=="],

    "node-fetch": ["node-fetch@2.7.0", "", { "dependencies": { "whatwg-url": "^5.0.0" }, "peerDependencies": { "encoding": "^0.1.0" }, "optionalPeers": ["encoding"] }, "sha512-c4FRfUm/dbcWZ7U+1Wq0AwCyFL+3nt2bEw05wfxSz+DWpWsitgmSgYmy2dQdWyKC1694ELPqMs/YzUSNozLt8A=="],

    "pathe": ["pathe@2.0.3", "", {}, "sha512-WUjGcAqP1gQacoQe+OBJsFA7Ld4DyXuUIjZ5cc75cLHvJ7dtNsTugphxIADwspS+AraAUePCKrSVtPLFj/F88w=="],

    "pathval": ["pathval@2.0.0", "", {}, "sha512-vE7JKRyES09KiunauX7nd2Q9/L7lhok4smP9RZTDeD4MVs72Dp2qNFVz39Nz5a0FVEW0BJR6C0DYrq6unoziZA=="],

    "picocolors": ["picocolors@1.1.1", "", {}, "sha512-xceH2snhtb5M9liqDsmEw56le376mTZkEX/jEb/RxNFyegNul7eNslCXP9FDj/Lcu0X8KEyMceP2ntpaHrDEVA=="],

    "postcss": ["postcss@8.5.3", "", { "dependencies": { "nanoid": "^3.3.8", "picocolors": "^1.1.1", "source-map-js": "^1.2.1" } }, "sha512-dle9A3yYxlBSrt8Fu+IpjGT8SY8hN0mlaA6GY8t0P5PjIOZemULz/E2Bnm/2dcUOena75OTNkHI76uZBNUUq3A=="],

    "react": ["react@19.0.0", "", {}, "sha512-V8AVnmPIICiWpGfm6GLzCR/W5FXLchHop40W4nXBmdlEceh16rCN8O8LNWm5bh5XUX91fh7KpA+W0TgMKmgTpQ=="],

    "rollup": ["rollup@4.37.0", "", { "dependencies": { "@types/estree": "1.0.6" }, "optionalDependencies": { "@rollup/rollup-android-arm-eabi": "4.37.0", "@rollup/rollup-android-arm64": "4.37.0", "@rollup/rollup-darwin-arm64": "4.37.0", "@rollup/rollup-darwin-x64": "4.37.0", "@rollup/rollup-freebsd-arm64": "4.37.0", "@rollup/rollup-freebsd-x64": "4.37.0", "@rollup/rollup-linux-arm-gnueabihf": "4.37.0", "@rollup/rollup-linux-arm-musleabihf": "4.37.0", "@rollup/rollup-linux-arm64-gnu": "4.37.0", "@rollup/rollup-linux-arm64-musl": "4.37.0", "@rollup/rollup-linux-loongarch64-gnu": "4.37.0", "@rollup/rollup-linux-powerpc64le-gnu": "4.37.0", "@rollup/rollup-linux-riscv64-gnu": "4.37.0", "@rollup/rollup-linux-riscv64-musl": "4.37.0", "@rollup/rollup-linux-s390x-gnu": "4.37.0", "@rollup/rollup-linux-x64-gnu": "4.37.0", "@rollup/rollup-linux-x64-musl": "4.37.0", "@rollup/rollup-win32-arm64-msvc": "4.37.0", "@rollup/rollup-win32-ia32-msvc": "4.37.0", "@rollup/rollup-win32-x64-msvc": "4.37.0", "fsevents": "~2.3.2" }, "bin": { "rollup": "dist/bin/rollup" } }, "sha512-iAtQy/L4QFU+rTJ1YUjXqJOJzuwEghqWzCEYD2FEghT7Gsy1VdABntrO4CLopA5IkflTyqNiLNwPcOJ3S7UKLg=="],

    "secure-json-parse": ["secure-json-parse@2.7.0", "", {}, "sha512-6aU+Rwsezw7VR8/nyvKTx8QpWH9FrcYiXXlqC4z5d5XQBDRqtbfsRjnwGyqbi3gddNtWHuEk9OANUotL26qKUw=="],

    "siginfo": ["siginfo@2.0.0", "", {}, "sha512-ybx0WO1/8bSBLEWXZvEd7gMW3Sn3JFlW3TvX1nREbDLRNQNaeNN8WK0meBwPdAaOI7TtRRRJn/Es1zhrrCHu7g=="],

    "source-map-js": ["source-map-js@1.2.1", "", {}, "sha512-UXWMKhLOwVKb728IUtQPXxfYU+usdybtUrK/8uGE8CQMvrhOpwvzDBwj0QhSL7MQc7vIsISBG8VQ8+IDQxpfQA=="],

    "stackback": ["stackback@0.0.2", "", {}, "sha512-1XMJE5fQo1jGH6Y/7ebnwPOBEkIEnT4QF32d5R1+VXdXveM0IBMJt8zfaxX1P3QhVwrYe+576+jkANtSS2mBbw=="],

    "std-env": ["std-env@3.8.1", "", {}, "sha512-vj5lIj3Mwf9D79hBkltk5qmkFI+biIKWS2IBxEyEU3AX1tUf7AoL8nSazCOiiqQsGKIq01SClsKEzweu34uwvA=="],

    "swr": ["swr@2.3.3", "", { "dependencies": { "dequal": "^2.0.3", "use-sync-external-store": "^1.4.0" }, "peerDependencies": { "react": "^16.11.0 || ^17.0.0 || ^18.0.0 || ^19.0.0" } }, "sha512-dshNvs3ExOqtZ6kJBaAsabhPdHyeY4P2cKwRCniDVifBMoG/SVI7tfLWqPXriVspf2Rg4tPzXJTnwaihIeFw2A=="],

    "throttleit": ["throttleit@2.1.0", "", {}, "sha512-nt6AMGKW1p/70DF/hGBdJB57B8Tspmbp5gfJ8ilhLnt7kkr2ye7hzD6NVG8GGErk2HWF34igrL2CXmNIkzKqKw=="],

    "tinybench": ["tinybench@2.9.0", "", {}, "sha512-0+DUvqWMValLmha6lr4kD8iAMK1HzV0/aKnCtWb9v9641TnP/MFb7Pc2bxoxQjTXAErryXVgUOfv2YqNllqGeg=="],

    "tinyexec": ["tinyexec@0.3.2", "", {}, "sha512-KQQR9yN7R5+OSwaK0XQoj22pwHoTlgYqmUscPYoknOoWCWfj/5/ABTMRi69FrKU5ffPVh5QcFikpWJI/P1ocHA=="],

    "tinypool": ["tinypool@1.0.2", "", {}, "sha512-al6n+QEANGFOMf/dmUMsuS5/r9B06uwlyNjZZql/zv8J7ybHCgoihBNORZCY2mzUuAnomQa2JdhyHKzZxPCrFA=="],

    "tinyrainbow": ["tinyrainbow@2.0.0", "", {}, "sha512-op4nsTR47R6p0vMUUoYl/a+ljLFVtlfaXkLQmqfLR1qHma1h/ysYk4hEXZ880bf2CYgTskvTa/e196Vd5dDQXw=="],

    "tinyspy": ["tinyspy@3.0.2", "", {}, "sha512-n1cw8k1k0x4pgA2+9XrOkFydTerNcJ1zWCO5Nn9scWHTD+5tp8dghT2x1uduQePZTZgd3Tupf+x9BxJjeJi77Q=="],

    "tr46": ["tr46@0.0.3", "", {}, "sha512-N3WMsuqV66lT30CrXNbEjx4GEwlow3v6rr4mCcv6prnfwhS01rkgyFdjPNBYd9br7LpXV1+Emh01fHnq2Gdgrw=="],

    "typescript": ["typescript@5.8.2", "", { "bin": { "tsc": "bin/tsc", "tsserver": "bin/tsserver" } }, "sha512-aJn6wq13/afZp/jT9QZmwEjDqqvSGp1VT5GVg+f/t6/oVyrgXM6BY1h9BRh/O5p3PlUPAe+WuiEZOmb/49RqoQ=="],

    "undici-types": ["undici-types@5.26.5", "", {}, "sha512-JlCMO+ehdEIKqlFxk6IfVoAUVmgz7cU7zD/h9XZ0qzeosSHmUJVOzSQvvYSYWXkFXC+IfLKSIffhv0sVZup6pA=="],

    "use-sync-external-store": ["use-sync-external-store@1.4.0", "", { "peerDependencies": { "react": "^16.8.0 || ^17.0.0 || ^18.0.0 || ^19.0.0" } }, "sha512-9WXSPC5fMv61vaupRkCKCxsPxBocVnwakBEkMIHHpkTTg6icbJtg6jzgtLDm4bl3cSHAca52rYWih0k4K3PfHw=="],

    "vite": ["vite@6.2.3", "", { "dependencies": { "esbuild": "^0.25.0", "postcss": "^8.5.3", "rollup": "^4.30.1" }, "optionalDependencies": { "fsevents": "~2.3.3" }, "peerDependencies": { "@types/node": "^18.0.0 || ^20.0.0 || >=22.0.0", "jiti": ">=1.21.0", "less": "*", "lightningcss": "^1.21.0", "sass": "*", "sass-embedded": "*", "stylus": "*", "sugarss": "*", "terser": "^5.16.0", "tsx": "^4.8.1", "yaml": "^2.4.2" }, "optionalPeers": ["@types/node", "jiti", "less", "lightningcss", "sass", "sass-embedded", "stylus", "sugarss", "terser", "tsx", "yaml"], "bin": { "vite": "bin/vite.js" } }, "sha512-IzwM54g4y9JA/xAeBPNaDXiBF8Jsgl3VBQ2YQ/wOY6fyW3xMdSoltIV3Bo59DErdqdE6RxUfv8W69DvUorE4Eg=="],

    "vite-node": ["vite-node@3.0.9", "", { "dependencies": { "cac": "^6.7.14", "debug": "^4.4.0", "es-module-lexer": "^1.6.0", "pathe": "^2.0.3", "vite": "^5.0.0 || ^6.0.0" }, "bin": { "vite-node": "vite-node.mjs" } }, "sha512-w3Gdx7jDcuT9cNn9jExXgOyKmf5UOTb6WMHz8LGAm54eS1Elf5OuBhCxl6zJxGhEeIkgsE1WbHuoL0mj/UXqXg=="],

    "vitest": ["vitest@3.0.9", "", { "dependencies": { "@vitest/expect": "3.0.9", "@vitest/mocker": "3.0.9", "@vitest/pretty-format": "^3.0.9", "@vitest/runner": "3.0.9", "@vitest/snapshot": "3.0.9", "@vitest/spy": "3.0.9", "@vitest/utils": "3.0.9", "chai": "^5.2.0", "debug": "^4.4.0", "expect-type": "^1.1.0", "magic-string": "^0.30.17", "pathe": "^2.0.3", "std-env": "^3.8.0", "tinybench": "^2.9.0", "tinyexec": "^0.3.2", "tinypool": "^1.0.2", "tinyrainbow": "^2.0.0", "vite": "^5.0.0 || ^6.0.0", "vite-node": "3.0.9", "why-is-node-running": "^2.3.0" }, "peerDependencies": { "@edge-runtime/vm": "*", "@types/debug": "^4.1.12", "@types/node": "^18.0.0 || ^20.0.0 || >=22.0.0", "@vitest/browser": "3.0.9", "@vitest/ui": "3.0.9", "happy-dom": "*", "jsdom": "*" }, "optionalPeers": ["@edge-runtime/vm", "@types/debug", "@types/node", "@vitest/browser", "@vitest/ui", "happy-dom", "jsdom"], "bin": { "vitest": "vitest.mjs" } }, "sha512-BbcFDqNyBlfSpATmTtXOAOj71RNKDDvjBM/uPfnxxVGrG+FSH2RQIwgeEngTaTkuU/h0ScFvf+tRcKfYXzBybQ=="],

    "web-streams-polyfill": ["web-streams-polyfill@4.0.0-beta.3", "", {}, "sha512-QW95TCTaHmsYfHDybGMwO5IJIM93I/6vTRk+daHTWFPhwh+C8Cg7j7XyKrwrj8Ib6vYXe0ocYNrmzY4xAAN6ug=="],

    "webidl-conversions": ["webidl-conversions@3.0.1", "", {}, "sha512-2JAn3z8AR6rjK8Sm8orRC0h/bcl/DqL7tRPdGZ4I1CjdF+EaMLmYxBHyXuKL849eucPFhvBoxMsflfOb8kxaeQ=="],

    "whatwg-url": ["whatwg-url@5.0.0", "", { "dependencies": { "tr46": "~0.0.3", "webidl-conversions": "^3.0.0" } }, "sha512-saE57nupxk6v3HY35+jzBwYa0rKSy0XR8JSxZPwgLr7ys0IBzhGviA1/TUGJLmSVqs8pb9AnvICXEuOHLprYTw=="],

    "why-is-node-running": ["why-is-node-running@2.3.0", "", { "dependencies": { "siginfo": "^2.0.0", "stackback": "0.0.2" }, "bin": { "why-is-node-running": "cli.js" } }, "sha512-hUrmaWBdVDcxvYqnyh09zunKzROWjbZTiNy8dBEjkS7ehEDQibXJ7XvlmtbwuTclUiIyN+CyXQD4Vmko8fNm8w=="],

    "zod": ["zod@3.24.2", "", {}, "sha512-lY7CDW43ECgW9u1TcT3IoXHflywfVqDYze4waEz812jR/bZ8FHDsl7pFQoSZTz5N+2NqRXs8GBwnAwo3ZNxqhQ=="],

    "zod-to-json-schema": ["zod-to-json-schema@3.24.5", "", { "peerDependencies": { "zod": "^3.24.1" } }, "sha512-/AuWwMP+YqiPbsJx5D6TfgRTc4kTLjsh5SOcd4bLsfUg2RcEXrFMJl1DGgdHy2aCfsIA/cr/1JM0xcB2GZji8g=="],

    "@types/node-fetch/@types/node": ["@types/node@22.13.13", "", { "dependencies": { "undici-types": "~6.20.0" } }, "sha512-ClsL5nMwKaBRwPcCvH8E7+nU4GxHVx1axNvMZTFHMEfNI7oahimt26P5zjVCRrjiIWj6YFXfE1v3dEp94wLcGQ=="],

    "@types/ws/@types/node": ["@types/node@22.13.13", "", { "dependencies": { "undici-types": "~6.20.0" } }, "sha512-ClsL5nMwKaBRwPcCvH8E7+nU4GxHVx1axNvMZTFHMEfNI7oahimt26P5zjVCRrjiIWj6YFXfE1v3dEp94wLcGQ=="],

    "bun-types/@types/node": ["@types/node@22.13.13", "", { "dependencies": { "undici-types": "~6.20.0" } }, "sha512-ClsL5nMwKaBRwPcCvH8E7+nU4GxHVx1axNvMZTFHMEfNI7oahimt26P5zjVCRrjiIWj6YFXfE1v3dEp94wLcGQ=="],

    "rollup/@types/estree": ["@types/estree@1.0.6", "", {}, "sha512-AYnb1nQyY49te+VRAVgmzfcgjYS91mY5P0TKUDCLEM+gNnA+3T6rWITXRLYCpahpqSQbN5cE+gHpnPyXjHWxcw=="],

    "@types/node-fetch/@types/node/undici-types": ["undici-types@6.20.0", "", {}, "sha512-Ny6QZ2Nju20vw1SRHe3d9jVu6gJ+4e3+MMpqu7pqE5HT6WsTSlce++GQmK5UXS8mzV8DSYHrQH+Xrf2jVcuKNg=="],

    "@types/ws/@types/node/undici-types": ["undici-types@6.20.0", "", {}, "sha512-Ny6QZ2Nju20vw1SRHe3d9jVu6gJ+4e3+MMpqu7pqE5HT6WsTSlce++GQmK5UXS8mzV8DSYHrQH+Xrf2jVcuKNg=="],

    "bun-types/@types/node/undici-types": ["undici-types@6.20.0", "", {}, "sha512-Ny6QZ2Nju20vw1SRHe3d9jVu6gJ+4e3+MMpqu7pqE5HT6WsTSlce++GQmK5UXS8mzV8DSYHrQH+Xrf2jVcuKNg=="],
  }
}
